PODS:
  - libffi-iOS (1.0.0)

DEPENDENCIES:
  - libffi-iOS (from `./libffi-iOS.podspec`)

EXTERNAL SOURCES:
  libffi-iOS:
    :path: "./libffi-iOS.podspec"

SPEC CHECKSUMS:
  libffi-iOS: ef078b4e497e971a867114acc56e89c5cd85c45a

PODFILE CHECKSUM: 2a2ff96ac803bffa2f7ed6d40eadbde7627d27e5

COCOAPODS: 1.2.0
