// !$*UTF8*$!
{
	archiveVersion = 1;
	classes = {
	};
	objectVersion = 46;
	objects = {

/* Begin PBXBuildFile section */
		487706DA1E8A2FA300DEF294 /* main.m in Sources */ = {isa = PBXBuildFile; fileRef = 487706D91E8A2FA300DEF294 /* main.m */; };
		487706DD1E8A2FA300DEF294 /* AppDelegate.m in Sources */ = {isa = PBXBuildFile; fileRef = 487706DC1E8A2FA300DEF294 /* AppDelegate.m */; };
		487706E01E8A2FA300DEF294 /* ViewController.m in Sources */ = {isa = PBXBuildFile; fileRef = 487706DF1E8A2FA300DEF294 /* ViewController.m */; };
		487706E31E8A2FA300DEF294 /* Main.storyboard in Resources */ = {isa = PBXBuildFile; fileRef = 487706E11E8A2FA300DEF294 /* Main.storyboard */; };
		487706E51E8A2FA300DEF294 /* Assets.xcassets in Resources */ = {isa = PBXBuildFile; fileRef = 487706E41E8A2FA300DEF294 /* Assets.xcassets */; };
		487706E81E8A2FA300DEF294 /* LaunchScreen.storyboard in Resources */ = {isa = PBXBuildFile; fileRef = 487706E61E8A2FA300DEF294 /* LaunchScreen.storyboard */; };
		EF000F406C384D36683C70E5 /* libPods-Demo.a in Frameworks */ = {isa = PBXBuildFile; fileRef = 30FA0F7A3455CDE7AF953541 /* libPods-Demo.a */; };
/* End PBXBuildFile section */

/* Begin PBXFileReference section */
		2579A26E0C051123CADBFDB0 /* Pods-Demo.release.xcconfig */ = {isa = PBXFileReference; includeInIndex = 1; lastKnownFileType = text.xcconfig; name = "Pods-Demo.release.xcconfig"; path = "Pods/Target Support Files/Pods-Demo/Pods-Demo.release.xcconfig"; sourceTree = "<group>"; };
		30FA0F7A3455CDE7AF953541 /* libPods-Demo.a */ = {isa = PBXFileReference; explicitFileType = archive.ar; includeInIndex = 0; path = "libPods-Demo.a"; sourceTree = BUILT_PRODUCTS_DIR; };
		487706D51E8A2FA300DEF294 /* Demo.app */ = {isa = PBXFileReference; explicitFileType = wrapper.application; includeInIndex = 0; path = Demo.app; sourceTree = BUILT_PRODUCTS_DIR; };
		487706D91E8A2FA300DEF294 /* main.m */ = {isa = PBXFileReference; lastKnownFileType = sourcecode.c.objc; path = main.m; sourceTree = "<group>"; };
		487706DB1E8A2FA300DEF294 /* AppDelegate.h */ = {isa = PBXFileReference; lastKnownFileType = sourcecode.c.h; path = AppDelegate.h; sourceTree = "<group>"; };
		487706DC1E8A2FA300DEF294 /* AppDelegate.m */ = {isa = PBXFileReference; lastKnownFileType = sourcecode.c.objc; path = AppDelegate.m; sourceTree = "<group>"; };
		487706DE1E8A2FA300DEF294 /* ViewController.h */ = {isa = PBXFileReference; lastKnownFileType = sourcecode.c.h; path = ViewController.h; sourceTree = "<group>"; };
		487706DF1E8A2FA300DEF294 /* ViewController.m */ = {isa = PBXFileReference; lastKnownFileType = sourcecode.c.objc; path = ViewController.m; sourceTree = "<group>"; };
		487706E21E8A2FA300DEF294 /* Base */ = {isa = PBXFileReference; lastKnownFileType = file.storyboard; name = Base; path = Base.lproj/Main.storyboard; sourceTree = "<group>"; };
		487706E41E8A2FA300DEF294 /* Assets.xcassets */ = {isa = PBXFileReference; lastKnownFileType = folder.assetcatalog; path = Assets.xcassets; sourceTree = "<group>"; };
		487706E71E8A2FA300DEF294 /* Base */ = {isa = PBXFileReference; lastKnownFileType = file.storyboard; name = Base; path = Base.lproj/LaunchScreen.storyboard; sourceTree = "<group>"; };
		487706E91E8A2FA300DEF294 /* Info.plist */ = {isa = PBXFileReference; lastKnownFileType = text.plist.xml; path = Info.plist; sourceTree = "<group>"; };
		558E814E06B4E60010607586 /* Pods-Demo.debug.xcconfig */ = {isa = PBXFileReference; includeInIndex = 1; lastKnownFileType = text.xcconfig; name = "Pods-Demo.debug.xcconfig"; path = "Pods/Target Support Files/Pods-Demo/Pods-Demo.debug.xcconfig"; sourceTree = "<group>"; };
/* End PBXFileReference section */

/* Begin PBXFrameworksBuildPhase section */
		487706D21E8A2FA300DEF294 /* Frameworks */ = {
			isa = PBXFrameworksBuildPhase;
			buildActionMask = 2147483647;
			files = (
				EF000F406C384D36683C70E5 /* libPods-Demo.a in Frameworks */,
			);
			runOnlyForDeploymentPostprocessing = 0;
		};
/* End PBXFrameworksBuildPhase section */

/* Begin PBXGroup section */
		487706CC1E8A2FA300DEF294 = {
			isa = PBXGroup;
			children = (
				487706D71E8A2FA300DEF294 /* Demo */,
				487706D61E8A2FA300DEF294 /* Products */,
				EA1F7B335D4E040224320273 /* Pods */,
				6919A7A0EC1A1A5F75D9E58B /* Frameworks */,
			);
			sourceTree = "<group>";
		};
		487706D61E8A2FA300DEF294 /* Products */ = {
			isa = PBXGroup;
			children = (
				487706D51E8A2FA300DEF294 /* Demo.app */,
			);
			name = Products;
			sourceTree = "<group>";
		};
		487706D71E8A2FA300DEF294 /* Demo */ = {
			isa = PBXGroup;
			children = (
				487706DB1E8A2FA300DEF294 /* AppDelegate.h */,
				487706DC1E8A2FA300DEF294 /* AppDelegate.m */,
				487706DE1E8A2FA300DEF294 /* ViewController.h */,
				487706DF1E8A2FA300DEF294 /* ViewController.m */,
				487706E11E8A2FA300DEF294 /* Main.storyboard */,
				487706E41E8A2FA300DEF294 /* Assets.xcassets */,
				487706E61E8A2FA300DEF294 /* LaunchScreen.storyboard */,
				487706E91E8A2FA300DEF294 /* Info.plist */,
				487706D81E8A2FA300DEF294 /* Supporting Files */,
			);
			path = Demo;
			sourceTree = "<group>";
		};
		487706D81E8A2FA300DEF294 /* Supporting Files */ = {
			isa = PBXGroup;
			children = (
				487706D91E8A2FA300DEF294 /* main.m */,
			);
			name = "Supporting Files";
			sourceTree = "<group>";
		};
		6919A7A0EC1A1A5F75D9E58B /* Frameworks */ = {
			isa = PBXGroup;
			children = (
				30FA0F7A3455CDE7AF953541 /* libPods-Demo.a */,
			);
			name = Frameworks;
			sourceTree = "<group>";
		};
		EA1F7B335D4E040224320273 /* Pods */ = {
			isa = PBXGroup;
			children = (
				558E814E06B4E60010607586 /* Pods-Demo.debug.xcconfig */,
				2579A26E0C051123CADBFDB0 /* Pods-Demo.release.xcconfig */,
			);
			name = Pods;
			sourceTree = "<group>";
		};
/* End PBXGroup section */

/* Begin PBXNativeTarget section */
		487706D41E8A2FA300DEF294 /* Demo */ = {
			isa = PBXNativeTarget;
			buildConfigurationList = 487706EC1E8A2FA300DEF294 /* Build configuration list for PBXNativeTarget "Demo" */;
			buildPhases = (
				1503E7169DBDA67EFA5A2337 /* [CP] Check Pods Manifest.lock */,
				487706D11E8A2FA300DEF294 /* Sources */,
				487706D21E8A2FA300DEF294 /* Frameworks */,
				487706D31E8A2FA300DEF294 /* Resources */,
				D94101AE2B72BDDF7233833B /* [CP] Embed Pods Frameworks */,
				7442A0B1379CB63831243EBB /* [CP] Copy Pods Resources */,
			);
			buildRules = (
			);
			dependencies = (
			);
			name = Demo;
			productName = Demo;
			productReference = 487706D51E8A2FA300DEF294 /* Demo.app */;
			productType = "com.apple.product-type.application";
		};
/* End PBXNativeTarget section */

/* Begin PBXProject section */
		487706CD1E8A2FA300DEF294 /* Project object */ = {
			isa = PBXProject;
			attributes = {
				LastUpgradeCheck = 0820;
				ORGANIZATIONNAME = sunnyxx;
				TargetAttributes = {
					487706D41E8A2FA300DEF294 = {
						CreatedOnToolsVersion = 8.2;
						ProvisioningStyle = Automatic;
					};
				};
			};
			buildConfigurationList = 487706D01E8A2FA300DEF294 /* Build configuration list for PBXProject "Demo" */;
			compatibilityVersion = "Xcode 3.2";
			developmentRegion = English;
			hasScannedForEncodings = 0;
			knownRegions = (
				en,
				Base,
			);
			mainGroup = 487706CC1E8A2FA300DEF294;
			productRefGroup = 487706D61E8A2FA300DEF294 /* Products */;
			projectDirPath = "";
			projectRoot = "";
			targets = (
				487706D41E8A2FA300DEF294 /* Demo */,
			);
		};
/* End PBXProject section */

/* Begin PBXResourcesBuildPhase section */
		487706D31E8A2FA300DEF294 /* Resources */ = {
			isa = PBXResourcesBuildPhase;
			buildActionMask = 2147483647;
			files = (
				487706E81E8A2FA300DEF294 /* LaunchScreen.storyboard in Resources */,
				487706E51E8A2FA300DEF294 /* Assets.xcassets in Resources */,
				487706E31E8A2FA300DEF294 /* Main.storyboard in Resources */,
			);
			runOnlyForDeploymentPostprocessing = 0;
		};
/* End PBXResourcesBuildPhase section */

/* Begin PBXShellScriptBuildPhase section */
		1503E7169DBDA67EFA5A2337 /* [CP] Check Pods Manifest.lock */ = {
			isa = PBXShellScriptBuildPhase;
			buildActionMask = 2147483647;
			files = (
			);
			inputPaths = (
			);
			name = "[CP] Check Pods Manifest.lock";
			outputPaths = (
			);
			runOnlyForDeploymentPostprocessing = 0;
			shellPath = /bin/sh;
			shellScript = "diff \"${PODS_ROOT}/../Podfile.lock\" \"${PODS_ROOT}/Manifest.lock\" > /dev/null\nif [ $? != 0 ] ; then\n    # print error to STDERR\n    echo \"error: The sandbox is not in sync with the Podfile.lock. Run 'pod install' or update your CocoaPods installation.\" >&2\n    exit 1\nfi\n";
			showEnvVarsInLog = 0;
		};
		7442A0B1379CB63831243EBB /* [CP] Copy Pods Resources */ = {
			isa = PBXShellScriptBuildPhase;
			buildActionMask = 2147483647;
			files = (
			);
			inputPaths = (
			);
			name = "[CP] Copy Pods Resources";
			outputPaths = (
			);
			runOnlyForDeploymentPostprocessing = 0;
			shellPath = /bin/sh;
			shellScript = "\"${SRCROOT}/Pods/Target Support Files/Pods-Demo/Pods-Demo-resources.sh\"\n";
			showEnvVarsInLog = 0;
		};
		D94101AE2B72BDDF7233833B /* [CP] Embed Pods Frameworks */ = {
			isa = PBXShellScriptBuildPhase;
			buildActionMask = 2147483647;
			files = (
			);
			inputPaths = (
			);
			name = "[CP] Embed Pods Frameworks";
			outputPaths = (
			);
			runOnlyForDeploymentPostprocessing = 0;
			shellPath = /bin/sh;
			shellScript = "\"${SRCROOT}/Pods/Target Support Files/Pods-Demo/Pods-Demo-frameworks.sh\"\n";
			showEnvVarsInLog = 0;
		};
/* End PBXShellScriptBuildPhase section */

/* Begin PBXSourcesBuildPhase section */
		487706D11E8A2FA300DEF294 /* Sources */ = {
			isa = PBXSourcesBuildPhase;
			buildActionMask = 2147483647;
			files = (
				487706E01E8A2FA300DEF294 /* ViewController.m in Sources */,
				487706DD1E8A2FA300DEF294 /* AppDelegate.m in Sources */,
				487706DA1E8A2FA300DEF294 /* main.m in Sources */,
			);
			runOnlyForDeploymentPostprocessing = 0;
		};
/* End PBXSourcesBuildPhase section */

/* Begin PBXVariantGroup section */
		487706E11E8A2FA300DEF294 /* Main.storyboard */ = {
			isa = PBXVariantGroup;
			children = (
				487706E21E8A2FA300DEF294 /* Base */,
			);
			name = Main.storyboard;
			sourceTree = "<group>";
		};
		487706E61E8A2FA300DEF294 /* LaunchScreen.storyboard */ = {
			isa = PBXVariantGroup;
			children = (
				487706E71E8A2FA300DEF294 /* Base */,
			);
			name = LaunchScreen.storyboard;
			sourceTree = "<group>";
		};
/* End PBXVariantGroup section */

/* Begin XCBuildConfiguration section */
		487706EA1E8A2FA300DEF294 /* Debug */ = {
			isa = XCBuildConfiguration;
			buildSettings = {
				ALWAYS_SEARCH_USER_PATHS = NO;
				CLANG_ANALYZER_NONNULL = YES;
				CLANG_CXX_LANGUAGE_STANDARD = "gnu++0x";
				CLANG_CXX_LIBRARY = "libc++";
				CLANG_ENABLE_MODULES = YES;
				CLANG_ENABLE_OBJC_ARC = YES;
				CLANG_WARN_BOOL_CONVERSION = YES;
				CLANG_WARN_CONSTANT_CONVERSION = YES;
				CLANG_WARN_DIRECT_OBJC_ISA_USAGE = YES_ERROR;
				CLANG_WARN_DOCUMENTATION_COMMENTS = YES;
				CLANG_WARN_EMPTY_BODY = YES;
				CLANG_WARN_ENUM_CONVERSION = YES;
				CLANG_WARN_INFINITE_RECURSION = YES;
				CLANG_WARN_INT_CONVERSION = YES;
				CLANG_WARN_OBJC_ROOT_CLASS = YES_ERROR;
				CLANG_WARN_SUSPICIOUS_MOVE = YES;
				CLANG_WARN_UNREACHABLE_CODE = YES;
				CLANG_WARN__DUPLICATE_METHOD_MATCH = YES;
				"CODE_SIGN_IDENTITY[sdk=iphoneos*]" = "iPhone Developer";
				COPY_PHASE_STRIP = NO;
				DEBUG_INFORMATION_FORMAT = dwarf;
				ENABLE_STRICT_OBJC_MSGSEND = YES;
				ENABLE_TESTABILITY = YES;
				GCC_C_LANGUAGE_STANDARD = gnu99;
				GCC_DYNAMIC_NO_PIC = NO;
				GCC_NO_COMMON_BLOCKS = YES;
				GCC_OPTIMIZATION_LEVEL = 0;
				GCC_PREPROCESSOR_DEFINITIONS = (
					"DEBUG=1",
					"$(inherited)",
				);
				GCC_WARN_64_TO_32_BIT_CONVERSION = YES;
				GCC_WARN_ABOUT_RETURN_TYPE = YES_ERROR;
				GCC_WARN_UNDECLARED_SELECTOR = YES;
				GCC_WARN_UNINITIALIZED_AUTOS = YES_AGGRESSIVE;
				GCC_WARN_UNUSED_FUNCTION = YES;
				GCC_WARN_UNUSED_VARIABLE = YES;
				IPHONEOS_DEPLOYMENT_TARGET = 10.2;
				MTL_ENABLE_DEBUG_INFO = YES;
				ONLY_ACTIVE_ARCH = YES;
				SDKROOT = iphoneos;
				TARGETED_DEVICE_FAMILY = "1,2";
			};
			name = Debug;
		};
		487706EB1E8A2FA300DEF294 /* Release */ = {
			isa = XCBuildConfiguration;
			buildSettings = {
				ALWAYS_SEARCH_USER_PATHS = NO;
				CLANG_ANALYZER_NONNULL = YES;
				CLANG_CXX_LANGUAGE_STANDARD = "gnu++0x";
				CLANG_CXX_LIBRARY = "libc++";
				CLANG_ENABLE_MODULES = YES;
				CLANG_ENABLE_OBJC_ARC = YES;
				CLANG_WARN_BOOL_CONVERSION = YES;
				CLANG_WARN_CONSTANT_CONVERSION = YES;
				CLANG_WARN_DIRECT_OBJC_ISA_USAGE = YES_ERROR;
				CLANG_WARN_DOCUMENTATION_COMMENTS = YES;
				CLANG_WARN_EMPTY_BODY = YES;
				CLANG_WARN_ENUM_CONVERSION = YES;
				CLANG_WARN_INFINITE_RECURSION = YES;
				CLANG_WARN_INT_CONVERSION = YES;
				CLANG_WARN_OBJC_ROOT_CLASS = YES_ERROR;
				CLANG_WARN_SUSPICIOUS_MOVE = YES;
				CLANG_WARN_UNREACHABLE_CODE = YES;
				CLANG_WARN__DUPLICATE_METHOD_MATCH = YES;
				"CODE_SIGN_IDENTITY[sdk=iphoneos*]" = "iPhone Developer";
				COPY_PHASE_STRIP = NO;
				DEBUG_INFORMATION_FORMAT = "dwarf-with-dsym";
				ENABLE_NS_ASSERTIONS = NO;
				ENABLE_STRICT_OBJC_MSGSEND = YES;
				GCC_C_LANGUAGE_STANDARD = gnu99;
				GCC_NO_COMMON_BLOCKS = YES;
				GCC_WARN_64_TO_32_BIT_CONVERSION = YES;
				GCC_WARN_ABOUT_RETURN_TYPE = YES_ERROR;
				GCC_WARN_UNDECLARED_SELECTOR = YES;
				GCC_WARN_UNINITIALIZED_AUTOS = YES_AGGRESSIVE;
				GCC_WARN_UNUSED_FUNCTION = YES;
				GCC_WARN_UNUSED_VARIABLE = YES;
				IPHONEOS_DEPLOYMENT_TARGET = 10.2;
				MTL_ENABLE_DEBUG_INFO = NO;
				SDKROOT = iphoneos;
				TARGETED_DEVICE_FAMILY = "1,2";
				VALIDATE_PRODUCT = YES;
			};
			name = Release;
		};
		487706ED1E8A2FA300DEF294 /* Debug */ = {
			isa = XCBuildConfiguration;
			baseConfigurationReference = 558E814E06B4E60010607586 /* Pods-Demo.debug.xcconfig */;
			buildSettings = {
				ASSETCATALOG_COMPILER_APPICON_NAME = AppIcon;
				INFOPLIST_FILE = Demo/Info.plist;
				LD_RUNPATH_SEARCH_PATHS = "$(inherited) @executable_path/Frameworks";
				PRODUCT_BUNDLE_IDENTIFIER = sunnyxx.Demo;
				PRODUCT_NAME = "$(TARGET_NAME)";
			};
			name = Debug;
		};
		487706EE1E8A2FA300DEF294 /* Release */ = {
			isa = XCBuildConfiguration;
			baseConfigurationReference = 2579A26E0C051123CADBFDB0 /* Pods-Demo.release.xcconfig */;
			buildSettings = {
				ASSETCATALOG_COMPILER_APPICON_NAME = AppIcon;
				INFOPLIST_FILE = Demo/Info.plist;
				LD_RUNPATH_SEARCH_PATHS = "$(inherited) @executable_path/Frameworks";
				PRODUCT_BUNDLE_IDENTIFIER = sunnyxx.Demo;
				PRODUCT_NAME = "$(TARGET_NAME)";
			};
			name = Release;
		};
/* End XCBuildConfiguration section */

/* Begin XCConfigurationList section */
		487706D01E8A2FA300DEF294 /* Build configuration list for PBXProject "Demo" */ = {
			isa = XCConfigurationList;
			buildConfigurations = (
				487706EA1E8A2FA300DEF294 /* Debug */,
				487706EB1E8A2FA300DEF294 /* Release */,
			);
			defaultConfigurationIsVisible = 0;
			defaultConfigurationName = Release;
		};
		487706EC1E8A2FA300DEF294 /* Build configuration list for PBXNativeTarget "Demo" */ = {
			isa = XCConfigurationList;
			buildConfigurations = (
				487706ED1E8A2FA300DEF294 /* Debug */,
				487706EE1E8A2FA300DEF294 /* Release */,
			);
			defaultConfigurationIsVisible = 0;
		};
/* End XCConfigurationList section */
	};
	rootObject = 487706CD1E8A2FA300DEF294 /* Project object */;
}
